{
  "name": "@gentics/form-generator",
  "version": "6.2.4",
  "lockfileVersion": 3,
  "requires": true,
  "packages": {
    "": {
      "name": "@gentics/form-generator",
      "version": "6.2.4",
      "license": "Apache-2.0",
      "dependencies": {
        "@gentics/form-generator": "file:"
      },
      "devDependencies": {
        "@angular/animations": ">=18.0.0",
        "@angular/common": ">=18.0.0",
        "@angular/core": ">=18.0.0",
        "@angular/forms": ">=18.0.0",
        "@gentics/cms-components": "^6.2.4",
        "@gentics/cms-models": "^6.2.4",
        "lodash-es": "^4.17.15",
        "uuid": "^9.0.0"
      },
      "peerDependencies": {
        "@angular/animations": ">=18.0.0",
        "@angular/common": ">=18.0.0",
        "@angular/core": ">=18.0.0",
        "@angular/forms": ">=18.0.0",
        "@gentics/cms-components": "^6.2.3",
        "@gentics/cms-models": "^6.2.3",
        "lodash-es": "^4.17.15",
        "uuid": "^9.0.0"
      }
    },
    "node_modules/@angular/animations": {
      "version": "19.1.4",
      "resolved": "https://registry.npmjs.org/@angular/animations/-/animations-19.1.4.tgz",
      "integrity": "sha512-QGswsf/X+k7TijIgBzL6V8+KcArFAgebY6zM0L/Len8v5PNzPzdjJH99+P++5AOLiJctYKfISUwnlMbDb50NrA==",
      "dev": true,
      "dependencies": {
        "tslib": "^2.3.0"
      },
      "engines": {
        "node": "^18.19.1 || ^20.11.1 || >=22.0.0"
      },
      "peerDependencies": {
        "@angular/core": "19.1.4"
      }
    },
    "node_modules/@angular/common": {
      "version": "19.1.4",
      "resolved": "https://registry.npmjs.org/@angular/common/-/common-19.1.4.tgz",
      "integrity": "sha512-E4MCl13VIotOxmzKQ/UGciPeaRXQgH7ymesEjYVGcT8jmC+qz5dEcoN7L5Jvq9aUsmLBt9MFp/B5QqKCIXMqYA==",
      "dev": true,
      "dependencies": {
        "tslib": "^2.3.0"
      },
      "engines": {
        "node": "^18.19.1 || ^20.11.1 || >=22.0.0"
      },
      "peerDependencies": {
        "@angular/core": "19.1.4",
        "rxjs": "^6.5.3 || ^7.4.0"
      }
    },
    "node_modules/@angular/core": {
      "version": "19.1.4",
      "resolved": "https://registry.npmjs.org/@angular/core/-/core-19.1.4.tgz",
      "integrity": "sha512-r3T81lM9evmuW36HA3VAxIJ61M8kirGR8yHoln9fXSnYG8UeJ7JlWEbVRHmVHKOB48VK0bS/VxqN+w9TOq3bZg==",
      "dev": true,
      "dependencies": {
        "tslib": "^2.3.0"
      },
      "engines": {
        "node": "^18.19.1 || ^20.11.1 || >=22.0.0"
      },
      "peerDependencies": {
        "rxjs": "^6.5.3 || ^7.4.0",
        "zone.js": "~0.15.0"
      }
    },
    "node_modules/@angular/forms": {
      "version": "19.1.4",
      "resolved": "https://registry.npmjs.org/@angular/forms/-/forms-19.1.4.tgz",
      "integrity": "sha512-dcf4G+vXrfvy5NAP+C4A2rBeaZuwKs/TeWjZDpkRUPQMwTvDJcSNH+pqOeVsYUGNY2BkY1uPjzmgZh4F5NMQ9A==",
      "dev": true,
      "dependencies": {
        "tslib": "^2.3.0"
      },
      "engines": {
        "node": "^18.19.1 || ^20.11.1 || >=22.0.0"
      },
      "peerDependencies": {
        "@angular/common": "19.1.4",
        "@angular/core": "19.1.4",
        "@angular/platform-browser": "19.1.4",
        "rxjs": "^6.5.3 || ^7.4.0"
      }
    },
    "node_modules/@angular/platform-browser": {
      "version": "19.1.4",
      "resolved": "https://registry.npmjs.org/@angular/platform-browser/-/platform-browser-19.1.4.tgz",
      "integrity": "sha512-IoVIvemj7ni6GLDCvwtZhTgMQjPyG+xPW7rASN2RVl9T3uS1fJUpXrh5JzBcCikIj20O2KV9mqt7p4iIXy9jbQ==",
      "dev": true,
      "peer": true,
      "dependencies": {
        "tslib": "^2.3.0"
      },
      "engines": {
        "node": "^18.19.1 || ^20.11.1 || >=22.0.0"
      },
      "peerDependencies": {
        "@angular/animations": "19.1.4",
        "@angular/common": "19.1.4",
        "@angular/core": "19.1.4"
      },
      "peerDependenciesMeta": {
        "@angular/animations": {
          "optional": true
        }
      }
    },
    "node_modules/@bevacqua/rome": {
      "version": "3.0.4",
      "resolved": "https://registry.npmjs.org/@bevacqua/rome/-/rome-3.0.4.tgz",
      "integrity": "sha512-7xQiqpjYyrCg/LmeZAdMCtOLf0tJVHtOXARVbCfm95sDOS83m+ZyAUGgQucRElfgnDMG6ivYNJ6RyK5D/9zrJg==",
      "dev": true,
      "peer": true,
      "dependencies": {
        "bullseye": "1.4.6",
        "contra": "^1.9.4",
        "crossvent": "1.5.0",
        "moment": "^2.8.2"
      }
    },
    "node_modules/@gentics/aloha-models": {
      "version": "6.2.4",
      "resolved": "https://repo.gentics.com/repository/npm-products/@gentics/aloha-models/-/aloha-models-6.2.4.tgz",
      "integrity": "sha512-wPE3oeAO6mISxXeh3x0VdXXoOVkGd/y1LwMJHuxpdHV6Q4oPPa+VYkekiIvMc99AqZ932BDskW12Yl5RPFIqqw==",
      "dev": true,
      "peer": true,
      "peerDependencies": {
        "@types/jquery": "^3.5.19"
      }
    },
    "node_modules/@gentics/cms-components": {
      "version": "6.2.4",
      "resolved": "https://repo.gentics.com/repository/npm-products/@gentics/cms-components/-/cms-components-6.2.4.tgz",
      "integrity": "sha512-pFEWebNc61zGFYzyFJv1BmrDSpptLkPyndz4nCHXN2Ruk0S1LQHX7ZsgEYha+PBOnFU5aOoS7wPLx9+Zk/aIxQ==",
      "dev": true,
      "dependencies": {
        "tslib": "^2.3.0"
      },
      "peerDependencies": {
        "@angular/common": ">=18.0.0",
        "@angular/core": ">=18.0.0",
        "@gentics/cms-integration-api-models": "^6.2.3",
        "@gentics/cms-models": "^6.2.3",
        "@gentics/ui-core": "^6.2.3",
        "@ngx-translate/core": "^14.0.0",
        "@ngx-translate/http-loader": "^7.0.0",
        "lodash-es": "^4.17.15",
        "ngx-pagination": "^6.0.3"
      }
    },
    "node_modules/@gentics/cms-integration-api-models": {
      "version": "6.2.4",
      "resolved": "https://repo.gentics.com/repository/npm-products/@gentics/cms-integration-api-models/-/cms-integration-api-models-6.2.4.tgz",
      "integrity": "sha512-Rxe9+jQecienIetExcaNjsouT3HNNHP3c1VKDK7kpplEX0megi/pFQzDUWQ+1eqC+Y+TIe0/q685MYtJA1erPQ==",
      "dev": true,
      "peer": true,
      "peerDependencies": {
        "@gentics/aloha-models": "^6.2.3",
        "@gentics/cms-models": "^6.2.3",
        "@gentics/cms-rest-client": "^6.2.3",
        "@types/jquery": "^3.5.19",
        "rxjs": "^7.8.1"
      }
    },
    "node_modules/@gentics/cms-models": {
      "version": "6.2.4",
      "resolved": "https://repo.gentics.com/repository/npm-products/@gentics/cms-models/-/cms-models-6.2.4.tgz",
      "integrity": "sha512-+a/9gVKw0TsJ9oehOulasofXzIcIPoS/+jKdw2KQx+OKnxogS5BPZNw5dCHOCyCWXNbVE772sztUOfKO2h0XxQ==",
      "dev": true,
      "optionalDependencies": {
        "normalizr": "^3.4.0"
      },
      "peerDependencies": {
        "@gentics/mesh-models": "^2.1.0 || ^3.0.0",
        "elastic-types": "^0.1.5"
      }
    },
    "node_modules/@gentics/cms-rest-client": {
      "version": "6.2.4",
      "resolved": "https://repo.gentics.com/repository/npm-products/@gentics/cms-rest-client/-/cms-rest-client-6.2.4.tgz",
      "integrity": "sha512-4SnrkwnsO7kJo7WL78WGTA94szUvH2SBR969BiQFYR4OE14PEzuu2HuCar8b2qf4pGaNOCa2IdLjhRIY9YvuqA==",
      "dev": true,
      "peer": true,
      "peerDependencies": {
        "@gentics/cms-models": "^6.2.3",
        "@gentics/mesh-models": "^2.1.0 || ^3.0.0"
      }
    },
    "node_modules/@gentics/form-generator": {
      "resolved": "",
      "link": true
    },
    "node_modules/@gentics/mesh-models": {
      "version": "2.1.3",
      "resolved": "https://repo.gentics.com/repository/npm-products/@gentics/mesh-models/-/mesh-models-2.1.3.tgz",
      "integrity": "sha1-x7+KimYEYTcJTexSx7LiBSk8E5c=",
      "dev": true,
      "peer": true
    },
    "node_modules/@gentics/ui-core": {
      "version": "6.2.4",
      "resolved": "https://repo.gentics.com/repository/npm-products/@gentics/ui-core/-/ui-core-6.2.4.tgz",
      "integrity": "sha512-MpGxCIchwG3jE/Hukj5YfgSoo6h3B4kcIWlmVY4laTykk+XEdzMyWAVQl9/4Z1y7DO4jYpfFAayR6kwt75WEzA==",
      "dev": true,
      "peer": true,
      "dependencies": {
        "tslib": "^2.5.0"
      },
      "peerDependencies": {
        "@angular/animations": ">=18.0.0",
        "@angular/common": ">=18.0.0",
        "@angular/core": ">=18.0.0",
        "@angular/forms": ">=18.0.0",
        "@bevacqua/rome": "^3.0.4",
        "@gentics/cms-integration-api-models": "^6.2.3",
        "@types/sortablejs": "^1.15.8",
        "foundation-sites": "~6.5.3",
        "hammerjs": "^2.0.8",
        "lodash-es": "^4.17.15",
        "materialize-css": "^1.0.0",
        "moment": "^2.29.4",
        "moment-timezone": "^0.5.43",
        "ngx-autosize": "^2.0.4",
        "ngx-pagination": "^6.0.3",
        "roboto-fontface-woff": "^0.8.0",
        "sortablejs": "^1.15.2"
      }
    },
    "node_modules/@ngx-translate/core": {
      "version": "14.0.0",
      "resolved": "https://registry.npmjs.org/@ngx-translate/core/-/core-14.0.0.tgz",
      "integrity": "sha512-UevdwNCXMRCdJv//0kC8h2eSfmi02r29xeE8E9gJ1Al4D4jEJ7eiLPdjslTMc21oJNGguqqWeEVjf64SFtvw2w==",
      "dev": true,
      "peer": true,
      "dependencies": {
        "tslib": "^2.3.0"
      },
      "peerDependencies": {
        "@angular/core": ">=13.0.0",
        "rxjs": "^6.5.3 || ^7.4.0"
      }
    },
    "node_modules/@ngx-translate/http-loader": {
      "version": "7.0.0",
      "resolved": "https://registry.npmjs.org/@ngx-translate/http-loader/-/http-loader-7.0.0.tgz",
      "integrity": "sha512-j+NpXXlcGVdyUNyY/qsJrqqeAdJdizCd+GKh3usXExSqy1aE9866jlAIL+xrfDU4w+LiMoma5pgE4emvFebZmA==",
      "dev": true,
      "peer": true,
      "dependencies": {
        "tslib": "^2.3.0"
      },
      "peerDependencies": {
        "@angular/common": ">=13.0.0",
        "@ngx-translate/core": ">=14.0.0",
        "rxjs": "^6.5.3 || ^7.4.0"
      }
    },
    "node_modules/@types/jquery": {
      "version": "3.5.32",
      "resolved": "https://registry.npmjs.org/@types/jquery/-/jquery-3.5.32.tgz",
      "integrity": "sha512-b9Xbf4CkMqS02YH8zACqN1xzdxc3cO735Qe5AbSUFmyOiaWAbcpqh9Wna+Uk0vgACvoQHpWDg2rGdHkYPLmCiQ==",
      "dev": true,
      "peer": true,
      "dependencies": {
        "@types/sizzle": "*"
      }
    },
    "node_modules/@types/sizzle": {
      "version": "2.3.9",
      "resolved": "https://registry.npmjs.org/@types/sizzle/-/sizzle-2.3.9.tgz",
      "integrity": "sha512-xzLEyKB50yqCUPUJkIsrVvoWNfFUbIZI+RspLWt8u+tIW/BetMBZtgV2LY/2o+tYH8dRvQ+eoPf3NdhQCcLE2w==",
      "dev": true,
      "peer": true
    },
    "node_modules/@types/sortablejs": {
      "version": "1.15.8",
      "resolved": "https://registry.npmjs.org/@types/sortablejs/-/sortablejs-1.15.8.tgz",
      "integrity": "sha512-b79830lW+RZfwaztgs1aVPgbasJ8e7AXtZYHTELNXZPsERt4ymJdjV4OccDbHQAvHrCcFpbF78jkm0R6h/pZVg==",
      "dev": true,
      "peer": true
    },
    "node_modules/atoa": {
      "version": "1.0.0",
      "resolved": "https://registry.npmjs.org/atoa/-/atoa-1.0.0.tgz",
      "integrity": "sha512-VVE1H6cc4ai+ZXo/CRWoJiHXrA1qfA31DPnx6D20+kSI547hQN5Greh51LQ1baMRMfxO5K5M4ImMtZbZt2DODQ==",
      "dev": true,
      "peer": true
    },
    "node_modules/bullseye": {
      "version": "1.4.6",
      "resolved": "https://registry.npmjs.org/bullseye/-/bullseye-1.4.6.tgz",
      "integrity": "sha512-7Y69O3EPzT5g9D3J6zcVKyufX2g5HvzdDgcuebvmAXgcD7FvAOvRsEMcPBqI/oOEJOj4FSdBxRu0PoyIuHcmAw==",
      "dev": true,
      "peer": true,
      "dependencies": {
        "crossvent": "^1.3.1",
        "seleccion": "2.0.0",
        "sell": "^1.0.0"
      }
    },
    "node_modules/contra": {
      "version": "1.9.4",
      "resolved": "https://registry.npmjs.org/contra/-/contra-1.9.4.tgz",
      "integrity": "sha512-N9ArHAqwR/lhPq4OdIAwH4e1btn6EIZMAz4TazjnzCiVECcWUPTma+dRAM38ERImEJBh8NiCCpjoQruSZ+agYg==",
      "dev": true,
      "peer": true,
      "dependencies": {
        "atoa": "1.0.0",
        "ticky": "1.0.1"
      }
    },
    "node_modules/crossvent": {
      "version": "1.5.0",
      "resolved": "https://registry.npmjs.org/crossvent/-/crossvent-1.5.0.tgz",
      "integrity": "sha512-jt1QxLWytu7YGx3rPFm3K34/NJ55ryj6D50GloC8j+m9djy5rAUSG7Z/cavtMODXKMJunQb5sl809A3vCC7tkA==",
      "dev": true,
      "peer": true,
      "dependencies": {
        "custom-event": "1.0.0"
      }
    },
    "node_modules/custom-event": {
      "version": "1.0.0",
      "resolved": "https://registry.npmjs.org/custom-event/-/custom-event-1.0.0.tgz",
      "integrity": "sha512-6nOXX3UitrmdvSJWoVR2dlzhbX5bEUqmqsMUyx1ypCLZkHHkcuYtdpW3p94RGvcFkTV7DkLo+Ilbwnlwi8L+jw==",
      "dev": true,
      "peer": true
    },
    "node_modules/elastic-types": {
      "version": "0.1.5",
      "resolved": "https://registry.npmjs.org/elastic-types/-/elastic-types-0.1.5.tgz",
      "integrity": "sha512-FD17fD0tEAHq3o9nmxxdpVLjrFTMiIiD/YpeHxHipIRy1JfC+Ze1sIa62Ru8TPjgNo4cQoQHMbyZZbddTogdoQ==",
      "dev": true,
      "peer": true
    },
    "node_modules/foundation-sites": {
      "version": "6.5.3",
      "resolved": "https://registry.npmjs.org/foundation-sites/-/foundation-sites-6.5.3.tgz",
      "integrity": "sha512-ZwI0idjHHjezh6jRjpPxkczvmtUuJ1uGatZHpyloX0MvsFHfM0BFoxrqdXryXugGPdmb+yJi3JYMnz6+5t3K1A==",
      "dev": true,
      "peer": true,
      "engines": {
        "node": ">=6.4.0",
        "npm": ">=2.14.2"
      },
      "peerDependencies": {
        "jquery": ">=2.2.0",
        "what-input": ">=4.1.0"
      }
    },
    "node_modules/hammerjs": {
      "version": "2.0.8",
      "resolved": "https://registry.npmjs.org/hammerjs/-/hammerjs-2.0.8.tgz",
      "integrity": "sha512-tSQXBXS/MWQOn/RKckawJ61vvsDpCom87JgxiYdGwHdOa0ht0vzUWDlfioofFCRU0L+6NGDt6XzbgoJvZkMeRQ==",
      "dev": true,
      "peer": true,
      "engines": {
        "node": ">=0.8.0"
      }
    },
    "node_modules/jquery": {
      "version": "3.7.1",
      "resolved": "https://registry.npmjs.org/jquery/-/jquery-3.7.1.tgz",
      "integrity": "sha512-m4avr8yL8kmFN8psrbFFFmB/If14iN5o9nw/NgnnM+kybDJpRsAynV2BsfpTYrTRysYUdADVD7CkUUizgkpLfg==",
      "dev": true,
      "peer": true
    },
    "node_modules/lodash-es": {
      "version": "4.17.21",
      "resolved": "https://registry.npmjs.org/lodash-es/-/lodash-es-4.17.21.tgz",
      "integrity": "sha512-mKnC+QJ9pWVzv+C4/U3rRsHapFfHvQFoFB92e52xeyGMcX6/OlIl78je1u8vePzYZSkkogMPJ2yjxxsb89cxyw==",
      "dev": true
    },
    "node_modules/materialize-css": {
      "version": "1.0.0",
      "resolved": "https://registry.npmjs.org/materialize-css/-/materialize-css-1.0.0.tgz",
      "integrity": "sha512-4/oecXl8y/1i8RDZvyvwAICyqwNoKU4or5uf8uoAd74k76KzZ0Llym4zhJ5lLNUskcqjO0AuMcvNyDkpz8Z6zw==",
      "dev": true,
      "peer": true
    },
    "node_modules/moment": {
      "version": "2.30.1",
      "resolved": "https://registry.npmjs.org/moment/-/moment-2.30.1.tgz",
      "integrity": "sha512-uEmtNhbDOrWPFS+hdjFCBfy9f2YoyzRpwcl+DqpC6taX21FzsTLQVbMV/W7PzNSX6x/bhC1zA3c2UQ5NzH6how==",
      "dev": true,
      "peer": true,
      "engines": {
        "node": "*"
      }
    },
    "node_modules/moment-timezone": {
      "version": "0.5.47",
      "resolved": "https://registry.npmjs.org/moment-timezone/-/moment-timezone-0.5.47.tgz",
      "integrity": "sha512-UbNt/JAWS0m/NJOebR0QMRHBk0hu03r5dx9GK8Cs0AS3I81yDcOc9k+DytPItgVvBP7J6Mf6U2n3BPAacAV9oA==",
      "dev": true,
      "peer": true,
      "dependencies": {
        "moment": "^2.29.4"
      },
      "engines": {
        "node": "*"
      }
    },
    "node_modules/ngx-autosize": {
      "version": "2.0.4",
      "resolved": "https://registry.npmjs.org/ngx-autosize/-/ngx-autosize-2.0.4.tgz",
      "integrity": "sha512-+MgkvrJs5k/CdTXpkGnwFq/zhNurT1npuQYgCN/e3oDn3LV7xRJaRJQtYY6j+BwqnN4Tkujr4+6kUQtAMp55mA==",
      "dev": true,
      "peer": true,
      "dependencies": {
        "tslib": ">2.0.0"
      },
      "peerDependencies": {
        "@angular/common": ">12.0.0",
        "@angular/core": ">12.0.0"
      }
    },
    "node_modules/ngx-pagination": {
      "version": "6.0.3",
      "resolved": "https://registry.npmjs.org/ngx-pagination/-/ngx-pagination-6.0.3.tgz",
      "integrity": "sha512-lONjTQ7hFPh1SyhwDrRd5ZwM4NMGQ7bNR6vLrs6mrU0Z8Q1zCcWbf/pvyp4DOlGyd9uyZxRy2wUsSZLeIPjbAw==",
      "dev": true,
      "peer": true,
      "dependencies": {
        "tslib": "^2.3.0"
      },
      "peerDependencies": {
        "@angular/common": ">=13.0.0",
        "@angular/core": ">=13.0.0"
      }
    },
    "node_modules/normalizr": {
      "version": "3.6.2",
      "resolved": "https://registry.npmjs.org/normalizr/-/normalizr-3.6.2.tgz",
      "integrity": "sha512-30qCybsBaCBciotorvuOZTCGEg2AXrJfADMT2Kk/lvpIAcipHdK0zc33nNtwKzyfQAqIJXAcqET6YgflYUgsoQ==",
      "dev": true,
      "optional": true
    },
    "node_modules/roboto-fontface-woff": {
      "version": "0.8.0",
      "resolved": "https://registry.npmjs.org/roboto-fontface-woff/-/roboto-fontface-woff-0.8.0.tgz",
      "integrity": "sha512-Bx9ABEL6FHGNSYpcq0z5tztCDfBm2YYoM+3yc5xiZI4cYVH8jkHlAnQu4W4ahugr1Ewq4zE2X7N2plPOuIh1Nw==",
      "dev": true,
      "peer": true
    },
    "node_modules/rxjs": {
      "version": "7.8.1",
      "resolved": "https://registry.npmjs.org/rxjs/-/rxjs-7.8.1.tgz",
      "integrity": "sha512-AA3TVj+0A2iuIoQkWEK/tqFjBq2j+6PO6Y0zJcvzLAFhEFIO3HL0vls9hWLncZbAAbK0mar7oZ4V079I/qPMxg==",
      "dev": true,
      "peer": true,
      "dependencies": {
        "tslib": "^2.1.0"
      }
    },
    "node_modules/seleccion": {
      "version": "2.0.0",
      "resolved": "https://registry.npmjs.org/seleccion/-/seleccion-2.0.0.tgz",
      "integrity": "sha512-PhrdUIWfCSpXujtwb2E+v/L4VgOo8KGn860V/Nep57IxL8Mz7vGCZ5yCCMU6IJVt4rE5XG9TRT1tpcXxXYqqcQ==",
      "dev": true,
      "peer": true
    },
    "node_modules/sell": {
      "version": "1.0.0",
      "resolved": "https://registry.npmjs.org/sell/-/sell-1.0.0.tgz",
      "integrity": "sha512-xd3i7H12FAVIfAT4FiWM07pxjqEZj2aPWEDREvF1Yb+gD0AUQvwrY/4/lT+Xb+eGWG2H0avvo963xQQ8ERWhIA==",
      "dev": true,
      "peer": true
    },
    "node_modules/sortablejs": {
      "version": "1.15.6",
      "resolved": "https://registry.npmjs.org/sortablejs/-/sortablejs-1.15.6.tgz",
      "integrity": "sha512-aNfiuwMEpfBM/CN6LY0ibyhxPfPbyFeBTYJKCvzkJ2GkUpazIt3H+QIPAMHwqQ7tMKaHz1Qj+rJJCqljnf4p3A==",
      "dev": true,
      "peer": true
    },
    "node_modules/ticky": {
      "version": "1.0.1",
      "resolved": "https://registry.npmjs.org/ticky/-/ticky-1.0.1.tgz",
      "integrity": "sha512-RX35iq/D+lrsqhcPWIazM9ELkjOe30MSeoBHQHSsRwd1YuhJO5ui1K1/R0r7N3mFvbLBs33idw+eR6j+w6i/DA==",
      "dev": true,
      "peer": true
    },
    "node_modules/tslib": {
      "version": "2.8.1",
      "resolved": "https://registry.npmjs.org/tslib/-/tslib-2.8.1.tgz",
      "integrity": "sha512-oJFu94HQb+KVduSUQL7wnpmqnfmLsOA/nAh6b6EH0wCEoK0/mPeXU6c3wKDV83MkOuHPRHtSXKKU99IBazS/2w==",
      "dev": true
    },
    "node_modules/uuid": {
      "version": "9.0.1",
      "resolved": "https://registry.npmjs.org/uuid/-/uuid-9.0.1.tgz",
      "integrity": "sha512-b+1eJOlsR9K8HJpow9Ok3fiWOWSIcIzXodvv0rQjVoOVNpWMpxf1wZNpt4y9h10odCNrqnYp1OBzRktckBe3sA==",
      "dev": true,
      "funding": [
        "https://github.com/sponsors/broofa",
        "https://github.com/sponsors/ctavan"
      ],
      "bin": {
        "uuid": "dist/bin/uuid"
      }
    },
    "node_modules/what-input": {
      "version": "5.2.12",
      "resolved": "https://registry.npmjs.org/what-input/-/what-input-5.2.12.tgz",
      "integrity": "sha512-3yrSa7nGSXGJS6wZeSkO6VNm95pB1mZ9i3wFzC1hhY7mn4/afue/MvXz04OXNdBC8bfo4AB4RRd3Dem9jXM58Q==",
      "dev": true,
      "peer": true
    },
    "node_modules/zone.js": {
      "version": "0.15.0",
      "resolved": "https://registry.npmjs.org/zone.js/-/zone.js-0.15.0.tgz",
      "integrity": "sha512-9oxn0IIjbCZkJ67L+LkhYWRyAy7axphb3VgE2MBDlOqnmHMPWGYMxJxBYFueFq/JGY2GMwS0rU+UCLunEmy5UA==",
      "dev": true,
      "peer": true
    }
  }
}
