{
  "name": "@gentics/cms-rest-clients-angular",
  "version": "6.2.4",
  "lockfileVersion": 3,
  "requires": true,
  "packages": {
    "": {
      "name": "@gentics/cms-rest-clients-angular",
      "version": "6.2.4",
      "license": "Apache-2.0",
      "dependencies": {
        "@gentics/cms-rest-clients-angular": "file:"
      },
      "devDependencies": {
        "@angular/common": ">=18.0.0",
        "@angular/core": ">=18.0.0",
        "@gentics/cms-models": "^6.2.4"
      },
      "peerDependencies": {
        "@angular/common": ">=18.0.0",
        "@angular/core": ">=18.0.0",
        "@gentics/cms-models": "^6.2.3"
      }
    },
    "node_modules/@angular/common": {
      "version": "19.1.4",
      "resolved": "https://registry.npmjs.org/@angular/common/-/common-19.1.4.tgz",
      "integrity": "sha512-E4MCl13VIotOxmzKQ/UGciPeaRXQgH7ymesEjYVGcT8jmC+qz5dEcoN7L5Jvq9aUsmLBt9MFp/B5QqKCIXMqYA==",
      "dev": true,
      "dependencies": {
        "tslib": "^2.3.0"
      },
      "engines": {
        "node": "^18.19.1 || ^20.11.1 || >=22.0.0"
      },
      "peerDependencies": {
        "@angular/core": "19.1.4",
        "rxjs": "^6.5.3 || ^7.4.0"
      }
    },
    "node_modules/@angular/core": {
      "version": "19.1.4",
      "resolved": "https://registry.npmjs.org/@angular/core/-/core-19.1.4.tgz",
      "integrity": "sha512-r3T81lM9evmuW36HA3VAxIJ61M8kirGR8yHoln9fXSnYG8UeJ7JlWEbVRHmVHKOB48VK0bS/VxqN+w9TOq3bZg==",
      "dev": true,
      "dependencies": {
        "tslib": "^2.3.0"
      },
      "engines": {
        "node": "^18.19.1 || ^20.11.1 || >=22.0.0"
      },
      "peerDependencies": {
        "rxjs": "^6.5.3 || ^7.4.0",
        "zone.js": "~0.15.0"
      }
    },
    "node_modules/@gentics/cms-models": {
      "version": "6.2.4",
      "resolved": "https://repo.gentics.com/repository/npm-products/@gentics/cms-models/-/cms-models-6.2.4.tgz",
      "integrity": "sha512-+a/9gVKw0TsJ9oehOulasofXzIcIPoS/+jKdw2KQx+OKnxogS5BPZNw5dCHOCyCWXNbVE772sztUOfKO2h0XxQ==",
      "dev": true,
      "optionalDependencies": {
        "normalizr": "^3.4.0"
      },
      "peerDependencies": {
        "@gentics/mesh-models": "^2.1.0 || ^3.0.0",
        "elastic-types": "^0.1.5"
      }
    },
    "node_modules/@gentics/cms-rest-clients-angular": {
      "resolved": "",
      "link": true
    },
    "node_modules/@gentics/mesh-models": {
      "version": "2.1.3",
      "resolved": "https://repo.gentics.com/repository/npm-products/@gentics/mesh-models/-/mesh-models-2.1.3.tgz",
      "integrity": "sha1-x7+KimYEYTcJTexSx7LiBSk8E5c=",
      "dev": true,
      "peer": true
    },
    "node_modules/elastic-types": {
      "version": "0.1.5",
      "resolved": "https://registry.npmjs.org/elastic-types/-/elastic-types-0.1.5.tgz",
      "integrity": "sha512-FD17fD0tEAHq3o9nmxxdpVLjrFTMiIiD/YpeHxHipIRy1JfC+Ze1sIa62Ru8TPjgNo4cQoQHMbyZZbddTogdoQ==",
      "dev": true,
      "peer": true
    },
    "node_modules/normalizr": {
      "version": "3.6.2",
      "resolved": "https://registry.npmjs.org/normalizr/-/normalizr-3.6.2.tgz",
      "integrity": "sha512-30qCybsBaCBciotorvuOZTCGEg2AXrJfADMT2Kk/lvpIAcipHdK0zc33nNtwKzyfQAqIJXAcqET6YgflYUgsoQ==",
      "dev": true,
      "optional": true
    },
    "node_modules/rxjs": {
      "version": "7.8.1",
      "resolved": "https://registry.npmjs.org/rxjs/-/rxjs-7.8.1.tgz",
      "integrity": "sha512-AA3TVj+0A2iuIoQkWEK/tqFjBq2j+6PO6Y0zJcvzLAFhEFIO3HL0vls9hWLncZbAAbK0mar7oZ4V079I/qPMxg==",
      "dev": true,
      "peer": true,
      "dependencies": {
        "tslib": "^2.1.0"
      }
    },
    "node_modules/tslib": {
      "version": "2.8.1",
      "resolved": "https://registry.npmjs.org/tslib/-/tslib-2.8.1.tgz",
      "integrity": "sha512-oJFu94HQb+KVduSUQL7wnpmqnfmLsOA/nAh6b6EH0wCEoK0/mPeXU6c3wKDV83MkOuHPRHtSXKKU99IBazS/2w==",
      "dev": true
    },
    "node_modules/zone.js": {
      "version": "0.15.0",
      "resolved": "https://registry.npmjs.org/zone.js/-/zone.js-0.15.0.tgz",
      "integrity": "sha512-9oxn0IIjbCZkJ67L+LkhYWRyAy7axphb3VgE2MBDlOqnmHMPWGYMxJxBYFueFq/JGY2GMwS0rU+UCLunEmy5UA==",
      "dev": true,
      "peer": true
    }
  }
}
