{
  "name": "@gentics/cms-integration-api-models",
  "version": "6.2.4",
  "lockfileVersion": 3,
  "requires": true,
  "packages": {
    "": {
      "name": "@gentics/cms-integration-api-models",
      "version": "6.2.4",
      "license": "Apache-2.0",
      "dependencies": {
        "@gentics/cms-integration-api-models": "file:"
      },
      "devDependencies": {
        "@gentics/aloha-models": "^6.2.3",
        "@gentics/cms-models": "^6.2.4",
        "@gentics/cms-rest-client": "^6.2.4",
        "@types/jquery": "^3.5.19",
        "rxjs": "^7.8.1"
      },
      "peerDependencies": {
        "@gentics/aloha-models": "^6.2.3",
        "@gentics/cms-models": "^6.2.3",
        "@gentics/cms-rest-client": "^6.2.3",
        "@types/jquery": "^3.5.19",
        "rxjs": "^7.8.1"
      }
    },
    "node_modules/@gentics/aloha-models": {
      "version": "6.2.4",
      "resolved": "https://repo.gentics.com/repository/npm-products/@gentics/aloha-models/-/aloha-models-6.2.4.tgz",
      "integrity": "sha512-wPE3oeAO6mISxXeh3x0VdXXoOVkGd/y1LwMJHuxpdHV6Q4oPPa+VYkekiIvMc99AqZ932BDskW12Yl5RPFIqqw==",
      "dev": true,
      "peerDependencies": {
        "@types/jquery": "^3.5.19"
      }
    },
    "node_modules/@gentics/cms-integration-api-models": {
      "resolved": "",
      "link": true
    },
    "node_modules/@gentics/cms-models": {
      "version": "6.2.4",
      "resolved": "https://repo.gentics.com/repository/npm-products/@gentics/cms-models/-/cms-models-6.2.4.tgz",
      "integrity": "sha512-+a/9gVKw0TsJ9oehOulasofXzIcIPoS/+jKdw2KQx+OKnxogS5BPZNw5dCHOCyCWXNbVE772sztUOfKO2h0XxQ==",
      "dev": true,
      "optionalDependencies": {
        "normalizr": "^3.4.0"
      },
      "peerDependencies": {
        "@gentics/mesh-models": "^2.1.0 || ^3.0.0",
        "elastic-types": "^0.1.5"
      }
    },
    "node_modules/@gentics/cms-rest-client": {
      "version": "6.2.4",
      "resolved": "https://repo.gentics.com/repository/npm-products/@gentics/cms-rest-client/-/cms-rest-client-6.2.4.tgz",
      "integrity": "sha512-4SnrkwnsO7kJo7WL78WGTA94szUvH2SBR969BiQFYR4OE14PEzuu2HuCar8b2qf4pGaNOCa2IdLjhRIY9YvuqA==",
      "dev": true,
      "peerDependencies": {
        "@gentics/cms-models": "^6.2.3",
        "@gentics/mesh-models": "^2.1.0 || ^3.0.0"
      }
    },
    "node_modules/@gentics/mesh-models": {
      "version": "2.1.3",
      "resolved": "https://repo.gentics.com/repository/npm-products/@gentics/mesh-models/-/mesh-models-2.1.3.tgz",
      "integrity": "sha1-x7+KimYEYTcJTexSx7LiBSk8E5c=",
      "dev": true,
      "peer": true
    },
    "node_modules/@types/jquery": {
      "version": "3.5.32",
      "resolved": "https://registry.npmjs.org/@types/jquery/-/jquery-3.5.32.tgz",
      "integrity": "sha512-b9Xbf4CkMqS02YH8zACqN1xzdxc3cO735Qe5AbSUFmyOiaWAbcpqh9Wna+Uk0vgACvoQHpWDg2rGdHkYPLmCiQ==",
      "dev": true,
      "dependencies": {
        "@types/sizzle": "*"
      }
    },
    "node_modules/@types/sizzle": {
      "version": "2.3.9",
      "resolved": "https://registry.npmjs.org/@types/sizzle/-/sizzle-2.3.9.tgz",
      "integrity": "sha512-xzLEyKB50yqCUPUJkIsrVvoWNfFUbIZI+RspLWt8u+tIW/BetMBZtgV2LY/2o+tYH8dRvQ+eoPf3NdhQCcLE2w==",
      "dev": true
    },
    "node_modules/elastic-types": {
      "version": "0.1.5",
      "resolved": "https://registry.npmjs.org/elastic-types/-/elastic-types-0.1.5.tgz",
      "integrity": "sha512-FD17fD0tEAHq3o9nmxxdpVLjrFTMiIiD/YpeHxHipIRy1JfC+Ze1sIa62Ru8TPjgNo4cQoQHMbyZZbddTogdoQ==",
      "dev": true,
      "peer": true
    },
    "node_modules/normalizr": {
      "version": "3.6.2",
      "resolved": "https://registry.npmjs.org/normalizr/-/normalizr-3.6.2.tgz",
      "integrity": "sha512-30qCybsBaCBciotorvuOZTCGEg2AXrJfADMT2Kk/lvpIAcipHdK0zc33nNtwKzyfQAqIJXAcqET6YgflYUgsoQ==",
      "dev": true,
      "optional": true
    },
    "node_modules/rxjs": {
      "version": "7.8.1",
      "resolved": "https://registry.npmjs.org/rxjs/-/rxjs-7.8.1.tgz",
      "integrity": "sha512-AA3TVj+0A2iuIoQkWEK/tqFjBq2j+6PO6Y0zJcvzLAFhEFIO3HL0vls9hWLncZbAAbK0mar7oZ4V079I/qPMxg==",
      "dev": true,
      "dependencies": {
        "tslib": "^2.1.0"
      }
    },
    "node_modules/tslib": {
      "version": "2.8.1",
      "resolved": "https://registry.npmjs.org/tslib/-/tslib-2.8.1.tgz",
      "integrity": "sha512-oJFu94HQb+KVduSUQL7wnpmqnfmLsOA/nAh6b6EH0wCEoK0/mPeXU6c3wKDV83MkOuHPRHtSXKKU99IBazS/2w==",
      "dev": true
    }
  }
}
